
Microsoft Visual Studio Solution File, Format Version 12.00
# Visual Studio Version 17
VisualStudioVersion = 17.9.34616.47
MinimumVisualStudioVersion = 10.0.40219.1
Project("{9A19103F-16F7-4668-BE54-9A1E7A4F7556}") = "HouseRentingSystem", "HouseRentingSystem\HouseRentingSystem.csproj", "{250F9BD7-72B7-4272-9809-648E8ED9CCAA}"
EndProject
Project("{9A19103F-16F7-4668-BE54-9A1E7A4F7556}") = "HouseRentingSystem.Infrastructure", "HouseREntingSystem.Infrastructure\HouseRentingSystem.Infrastructure.csproj", "{63DA230E-D19E-4828-9379-69290EFB33BA}"
EndProject
Project("{9A19103F-16F7-4668-BE54-9A1E7A4F7556}") = "HouseRentingSystem.Core", "HouseRentingSystem.Core\HouseRentingSystem.Core.csproj", "{A83FC7B1-829F-4DDE-912A-441ACE0E9965}"
EndProject
Global
	GlobalSection(SolutionConfigurationPlatforms) = preSolution
		Debug|Any CPU = Debug|Any CPU
		Release|Any CPU = Release|Any CPU
	EndGlobalSection
	GlobalSection(ProjectConfigurationPlatforms) = postSolution
		{250F9BD7-72B7-4272-9809-648E8ED9CCAA}.Debug|Any CPU.ActiveCfg = Debug|Any CPU
		{250F9BD7-72B7-4272-9809-648E8ED9CCAA}.Debug|Any CPU.Build.0 = Debug|Any CPU
		{250F9BD7-72B7-4272-9809-648E8ED9CCAA}.Release|Any CPU.ActiveCfg = Release|Any CPU
		{250F9BD7-72B7-4272-9809-648E8ED9CCAA}.Release|Any CPU.Build.0 = Release|Any CPU
		{63DA230E-D19E-4828-9379-69290EFB33BA}.Debug|Any CPU.ActiveCfg = Debug|Any CPU
		{63DA230E-D19E-4828-9379-69290EFB33BA}.Debug|Any CPU.Build.0 = Debug|Any CPU
		{63DA230E-D19E-4828-9379-69290EFB33BA}.Release|Any CPU.ActiveCfg = Release|Any CPU
		{63DA230E-D19E-4828-9379-69290EFB33BA}.Release|Any CPU.Build.0 = Release|Any CPU
		{A83FC7B1-829F-4DDE-912A-441ACE0E9965}.Debug|Any CPU.ActiveCfg = Debug|Any CPU
		{A83FC7B1-829F-4DDE-912A-441ACE0E9965}.Debug|Any CPU.Build.0 = Debug|Any CPU
		{A83FC7B1-829F-4DDE-912A-441ACE0E9965}.Release|Any CPU.ActiveCfg = Release|Any CPU
		{A83FC7B1-829F-4DDE-912A-441ACE0E9965}.Release|Any CPU.Build.0 = Release|Any CPU
	EndGlobalSection
	GlobalSection(SolutionProperties) = preSolution
		HideSolutionNode = FALSE
	EndGlobalSection
	GlobalSection(ExtensibilityGlobals) = postSolution
		SolutionGuid = {8C5DD685-E55C-432E-8566-1FE5851E7CD4}
	EndGlobalSection
EndGlobal
